
Microsoft Visual Studio Solution File, Format Version 12.00
# Visual Studio Version 16
VisualStudioVersion = 16.0.30011.22
MinimumVisualStudioVersion = 10.0.40219.1
Project("{FAE04EC0-301F-11D3-BF4B-00C04F79EFBC}") = "DataAccess", "DataAccess\DataAccess.csproj", "{C0C8ACB6-A5D5-4679-BB76-7AB750CA2E08}"
EndProject
Project("{FAE04EC0-301F-11D3-BF4B-00C04F79EFBC}") = "Business", "Business\Business.csproj", "{9CB42B56-DF4A-43C6-8C57-A1674E8B8359}"
EndProject
Project("{FAE04EC0-301F-11D3-BF4B-00C04F79EFBC}") = "Entities", "Entities\Entities.csproj", "{98ADA8E0-4D98-429D-AEE8-E92CADF79601}"
EndProject
Project("{FAE04EC0-301F-11D3-BF4B-00C04F79EFBC}") = "WebAPI", "WebAPI\WebAPI.csproj", "{4E04CCAB-1F0F-4CC1-918D-32AA6FAFAF1D}"
EndProject
Project("{FAE04EC0-301F-11D3-BF4B-00C04F79EFBC}") = "Core", "Core\Core.csproj", "{A491A814-60BB-4749-9A1F-DDF001E0D764}"
EndProject
Global
	GlobalSection(SolutionConfigurationPlatforms) = preSolution
		Debug|Any CPU = Debug|Any CPU
		Release|Any CPU = Release|Any CPU
	EndGlobalSection
	GlobalSection(ProjectConfigurationPlatforms) = postSolution
		{C0C8ACB6-A5D5-4679-BB76-7AB750CA2E08}.Debug|Any CPU.ActiveCfg = Debug|Any CPU
		{C0C8ACB6-A5D5-4679-BB76-7AB750CA2E08}.Debug|Any CPU.Build.0 = Debug|Any CPU
		{C0C8ACB6-A5D5-4679-BB76-7AB750CA2E08}.Release|Any CPU.ActiveCfg = Release|Any CPU
		{C0C8ACB6-A5D5-4679-BB76-7AB750CA2E08}.Release|Any CPU.Build.0 = Release|Any CPU
		{9CB42B56-DF4A-43C6-8C57-A1674E8B8359}.Debug|Any CPU.ActiveCfg = Debug|Any CPU
		{9CB42B56-DF4A-43C6-8C57-A1674E8B8359}.Debug|Any CPU.Build.0 = Debug|Any CPU
		{9CB42B56-DF4A-43C6-8C57-A1674E8B8359}.Release|Any CPU.ActiveCfg = Release|Any CPU
		{9CB42B56-DF4A-43C6-8C57-A1674E8B8359}.Release|Any CPU.Build.0 = Release|Any CPU
		{98ADA8E0-4D98-429D-AEE8-E92CADF79601}.Debug|Any CPU.ActiveCfg = Debug|Any CPU
		{98ADA8E0-4D98-429D-AEE8-E92CADF79601}.Debug|Any CPU.Build.0 = Debug|Any CPU
		{98ADA8E0-4D98-429D-AEE8-E92CADF79601}.Release|Any CPU.ActiveCfg = Release|Any CPU
		{98ADA8E0-4D98-429D-AEE8-E92CADF79601}.Release|Any CPU.Build.0 = Release|Any CPU
		{4E04CCAB-1F0F-4CC1-918D-32AA6FAFAF1D}.Debug|Any CPU.ActiveCfg = Debug|Any CPU
		{4E04CCAB-1F0F-4CC1-918D-32AA6FAFAF1D}.Debug|Any CPU.Build.0 = Debug|Any CPU
		{4E04CCAB-1F0F-4CC1-918D-32AA6FAFAF1D}.Release|Any CPU.ActiveCfg = Release|Any CPU
		{4E04CCAB-1F0F-4CC1-918D-32AA6FAFAF1D}.Release|Any CPU.Build.0 = Release|Any CPU
		{A491A814-60BB-4749-9A1F-DDF001E0D764}.Debug|Any CPU.ActiveCfg = Debug|Any CPU
		{A491A814-60BB-4749-9A1F-DDF001E0D764}.Debug|Any CPU.Build.0 = Debug|Any CPU
		{A491A814-60BB-4749-9A1F-DDF001E0D764}.Release|Any CPU.ActiveCfg = Release|Any CPU
		{A491A814-60BB-4749-9A1F-DDF001E0D764}.Release|Any CPU.Build.0 = Release|Any CPU
	EndGlobalSection
	GlobalSection(SolutionProperties) = preSolution
		HideSolutionNode = FALSE
	EndGlobalSection
	GlobalSection(ExtensibilityGlobals) = postSolution
		SolutionGuid = {01878836-D6EE-4FB0-AA86-13D395A0CB08}
	EndGlobalSection
EndGlobal
